
Microsoft Visual Studio Solution File, Format Version 12.00
# Visual Studio 2012
Project("{FAE04EC0-301F-11D3-BF4B-00C04F79EFBC}") = "Strategy", "Patterns\Strategy.csproj", "{B15DE97F-F2A0-40EE-92A0-B87DE3C6E8C5}"
EndProject
Project("{FAE04EC0-301F-11D3-BF4B-00C04F79EFBC}") = "Observer", "Observer\Observer.csproj", "{CCF950E1-9479-4DD2-BCDE-358D9E288E59}"
EndProject
Project("{FAE04EC0-301F-11D3-BF4B-00C04F79EFBC}") = "Decorator", "Decorator\Decorator.csproj", "{45D3ED2F-E4B3-4A76-BBAC-A024E2400508}"
EndProject
Project("{FAE04EC0-301F-11D3-BF4B-00C04F79EFBC}") = "SimpleFactory", "SimpleFactory\SimpleFactory.csproj", "{E3B70019-BDF0-4750-96EA-C8512F1C6CB0}"
EndProject
Project("{FAE04EC0-301F-11D3-BF4B-00C04F79EFBC}") = "FactoryMethod", "FactoryMethod\FactoryMethod.csproj", "{25BF53D9-77A9-4EFD-89A5-FEE2CB025FFB}"
EndProject
Project("{FAE04EC0-301F-11D3-BF4B-00C04F79EFBC}") = "AbstractFactory", "AbstractFactory\AbstractFactory.csproj", "{6B3A8A24-F6D2-4986-896A-4A1DA81E2C9C}"
EndProject
Global
	GlobalSection(SolutionConfigurationPlatforms) = preSolution
		Debug|Any CPU = Debug|Any CPU
		Release|Any CPU = Release|Any CPU
	EndGlobalSection
	GlobalSection(ProjectConfigurationPlatforms) = postSolution
		{B15DE97F-F2A0-40EE-92A0-B87DE3C6E8C5}.Debug|Any CPU.ActiveCfg = Debug|Any CPU
		{B15DE97F-F2A0-40EE-92A0-B87DE3C6E8C5}.Debug|Any CPU.Build.0 = Debug|Any CPU
		{B15DE97F-F2A0-40EE-92A0-B87DE3C6E8C5}.Release|Any CPU.ActiveCfg = Release|Any CPU
		{B15DE97F-F2A0-40EE-92A0-B87DE3C6E8C5}.Release|Any CPU.Build.0 = Release|Any CPU
		{CCF950E1-9479-4DD2-BCDE-358D9E288E59}.Debug|Any CPU.ActiveCfg = Debug|Any CPU
		{CCF950E1-9479-4DD2-BCDE-358D9E288E59}.Debug|Any CPU.Build.0 = Debug|Any CPU
		{CCF950E1-9479-4DD2-BCDE-358D9E288E59}.Release|Any CPU.ActiveCfg = Release|Any CPU
		{CCF950E1-9479-4DD2-BCDE-358D9E288E59}.Release|Any CPU.Build.0 = Release|Any CPU
		{45D3ED2F-E4B3-4A76-BBAC-A024E2400508}.Debug|Any CPU.ActiveCfg = Debug|Any CPU
		{45D3ED2F-E4B3-4A76-BBAC-A024E2400508}.Debug|Any CPU.Build.0 = Debug|Any CPU
		{45D3ED2F-E4B3-4A76-BBAC-A024E2400508}.Release|Any CPU.ActiveCfg = Release|Any CPU
		{45D3ED2F-E4B3-4A76-BBAC-A024E2400508}.Release|Any CPU.Build.0 = Release|Any CPU
		{E3B70019-BDF0-4750-96EA-C8512F1C6CB0}.Debug|Any CPU.ActiveCfg = Debug|Any CPU
		{E3B70019-BDF0-4750-96EA-C8512F1C6CB0}.Debug|Any CPU.Build.0 = Debug|Any CPU
		{E3B70019-BDF0-4750-96EA-C8512F1C6CB0}.Release|Any CPU.ActiveCfg = Release|Any CPU
		{E3B70019-BDF0-4750-96EA-C8512F1C6CB0}.Release|Any CPU.Build.0 = Release|Any CPU
		{25BF53D9-77A9-4EFD-89A5-FEE2CB025FFB}.Debug|Any CPU.ActiveCfg = Debug|Any CPU
		{25BF53D9-77A9-4EFD-89A5-FEE2CB025FFB}.Debug|Any CPU.Build.0 = Debug|Any CPU
		{25BF53D9-77A9-4EFD-89A5-FEE2CB025FFB}.Release|Any CPU.ActiveCfg = Release|Any CPU
		{25BF53D9-77A9-4EFD-89A5-FEE2CB025FFB}.Release|Any CPU.Build.0 = Release|Any CPU
		{6B3A8A24-F6D2-4986-896A-4A1DA81E2C9C}.Debug|Any CPU.ActiveCfg = Debug|Any CPU
		{6B3A8A24-F6D2-4986-896A-4A1DA81E2C9C}.Debug|Any CPU.Build.0 = Debug|Any CPU
		{6B3A8A24-F6D2-4986-896A-4A1DA81E2C9C}.Release|Any CPU.ActiveCfg = Release|Any CPU
		{6B3A8A24-F6D2-4986-896A-4A1DA81E2C9C}.Release|Any CPU.Build.0 = Release|Any CPU
	EndGlobalSection
	GlobalSection(SolutionProperties) = preSolution
		HideSolutionNode = FALSE
	EndGlobalSection
EndGlobal
