
Microsoft Visual Studio Solution File, Format Version 12.00
# Visual Studio 2012
Project("{FAE04EC0-301F-11D3-BF4B-00C04F79EFBC}") = "Strategy", "Patterns\Strategy.csproj", "{B15DE97F-F2A0-40EE-92A0-B87DE3C6E8C5}"
EndProject
Project("{FAE04EC0-301F-11D3-BF4B-00C04F79EFBC}") = "Observer", "Observer\Observer.csproj", "{CCF950E1-9479-4DD2-BCDE-358D9E288E59}"
EndProject
Project("{FAE04EC0-301F-11D3-BF4B-00C04F79EFBC}") = "Decorator", "Decorator\Decorator.csproj", "{45D3ED2F-E4B3-4A76-BBAC-A024E2400508}"
EndProject
Project("{FAE04EC0-301F-11D3-BF4B-00C04F79EFBC}") = "SimpleFactory", "SimpleFactory\SimpleFactory.csproj", "{E3B70019-BDF0-4750-96EA-C8512F1C6CB0}"
EndProject
Project("{FAE04EC0-301F-11D3-BF4B-00C04F79EFBC}") = "FactoryMethod", "FactoryMethod\FactoryMethod.csproj", "{25BF53D9-77A9-4EFD-89A5-FEE2CB025FFB}"
EndProject
Project("{FAE04EC0-301F-11D3-BF4B-00C04F79EFBC}") = "AbstractFactory", "AbstractFactory\AbstractFactory.csproj", "{6B3A8A24-F6D2-4986-896A-4A1DA81E2C9C}"
EndProject
Project("{FAE04EC0-301F-11D3-BF4B-00C04F79EFBC}") = "Singleton", "Singleton\Singleton.csproj", "{9350471B-32E2-4BC2-B859-C9130F5DB6B6}"
EndProject
Project("{FAE04EC0-301F-11D3-BF4B-00C04F79EFBC}") = "Command", "Command\Command.csproj", "{D99D73F9-9B77-4303-A6AE-DB75D2D26DAE}"
EndProject
Project("{FAE04EC0-301F-11D3-BF4B-00C04F79EFBC}") = "Adapter", "Adapter\Adapter.csproj", "{B8644742-957C-47EF-886B-AF688694C411}"
EndProject
Project("{FAE04EC0-301F-11D3-BF4B-00C04F79EFBC}") = "TemplateMethod", "TemplateMethod\TemplateMethod.csproj", "{A39DC857-C9F2-4819-8403-514BB388120F}"
EndProject
Project("{FAE04EC0-301F-11D3-BF4B-00C04F79EFBC}") = "Iterator", "Iterator\Iterator.csproj", "{AE110261-DAE7-419B-919E-09746261E2D3}"
EndProject
Project("{FAE04EC0-301F-11D3-BF4B-00C04F79EFBC}") = "Linker", "Linker\Linker.csproj", "{160DF44A-1BFA-49CC-939F-79C74A6709ED}"
EndProject
Global
	GlobalSection(SolutionConfigurationPlatforms) = preSolution
		Debug|Any CPU = Debug|Any CPU
		Release|Any CPU = Release|Any CPU
	EndGlobalSection
	GlobalSection(ProjectConfigurationPlatforms) = postSolution
		{B15DE97F-F2A0-40EE-92A0-B87DE3C6E8C5}.Debug|Any CPU.ActiveCfg = Debug|Any CPU
		{B15DE97F-F2A0-40EE-92A0-B87DE3C6E8C5}.Debug|Any CPU.Build.0 = Debug|Any CPU
		{B15DE97F-F2A0-40EE-92A0-B87DE3C6E8C5}.Release|Any CPU.ActiveCfg = Release|Any CPU
		{B15DE97F-F2A0-40EE-92A0-B87DE3C6E8C5}.Release|Any CPU.Build.0 = Release|Any CPU
		{CCF950E1-9479-4DD2-BCDE-358D9E288E59}.Debug|Any CPU.ActiveCfg = Debug|Any CPU
		{CCF950E1-9479-4DD2-BCDE-358D9E288E59}.Debug|Any CPU.Build.0 = Debug|Any CPU
		{CCF950E1-9479-4DD2-BCDE-358D9E288E59}.Release|Any CPU.ActiveCfg = Release|Any CPU
		{CCF950E1-9479-4DD2-BCDE-358D9E288E59}.Release|Any CPU.Build.0 = Release|Any CPU
		{45D3ED2F-E4B3-4A76-BBAC-A024E2400508}.Debug|Any CPU.ActiveCfg = Debug|Any CPU
		{45D3ED2F-E4B3-4A76-BBAC-A024E2400508}.Debug|Any CPU.Build.0 = Debug|Any CPU
		{45D3ED2F-E4B3-4A76-BBAC-A024E2400508}.Release|Any CPU.ActiveCfg = Release|Any CPU
		{45D3ED2F-E4B3-4A76-BBAC-A024E2400508}.Release|Any CPU.Build.0 = Release|Any CPU
		{E3B70019-BDF0-4750-96EA-C8512F1C6CB0}.Debug|Any CPU.ActiveCfg = Debug|Any CPU
		{E3B70019-BDF0-4750-96EA-C8512F1C6CB0}.Debug|Any CPU.Build.0 = Debug|Any CPU
		{E3B70019-BDF0-4750-96EA-C8512F1C6CB0}.Release|Any CPU.ActiveCfg = Release|Any CPU
		{E3B70019-BDF0-4750-96EA-C8512F1C6CB0}.Release|Any CPU.Build.0 = Release|Any CPU
		{25BF53D9-77A9-4EFD-89A5-FEE2CB025FFB}.Debug|Any CPU.ActiveCfg = Debug|Any CPU
		{25BF53D9-77A9-4EFD-89A5-FEE2CB025FFB}.Debug|Any CPU.Build.0 = Debug|Any CPU
		{25BF53D9-77A9-4EFD-89A5-FEE2CB025FFB}.Release|Any CPU.ActiveCfg = Release|Any CPU
		{25BF53D9-77A9-4EFD-89A5-FEE2CB025FFB}.Release|Any CPU.Build.0 = Release|Any CPU
		{6B3A8A24-F6D2-4986-896A-4A1DA81E2C9C}.Debug|Any CPU.ActiveCfg = Debug|Any CPU
		{6B3A8A24-F6D2-4986-896A-4A1DA81E2C9C}.Debug|Any CPU.Build.0 = Debug|Any CPU
		{6B3A8A24-F6D2-4986-896A-4A1DA81E2C9C}.Release|Any CPU.ActiveCfg = Release|Any CPU
		{6B3A8A24-F6D2-4986-896A-4A1DA81E2C9C}.Release|Any CPU.Build.0 = Release|Any CPU
		{9350471B-32E2-4BC2-B859-C9130F5DB6B6}.Debug|Any CPU.ActiveCfg = Debug|Any CPU
		{9350471B-32E2-4BC2-B859-C9130F5DB6B6}.Debug|Any CPU.Build.0 = Debug|Any CPU
		{9350471B-32E2-4BC2-B859-C9130F5DB6B6}.Release|Any CPU.ActiveCfg = Release|Any CPU
		{9350471B-32E2-4BC2-B859-C9130F5DB6B6}.Release|Any CPU.Build.0 = Release|Any CPU
		{D99D73F9-9B77-4303-A6AE-DB75D2D26DAE}.Debug|Any CPU.ActiveCfg = Debug|Any CPU
		{D99D73F9-9B77-4303-A6AE-DB75D2D26DAE}.Debug|Any CPU.Build.0 = Debug|Any CPU
		{D99D73F9-9B77-4303-A6AE-DB75D2D26DAE}.Release|Any CPU.ActiveCfg = Release|Any CPU
		{D99D73F9-9B77-4303-A6AE-DB75D2D26DAE}.Release|Any CPU.Build.0 = Release|Any CPU
		{B8644742-957C-47EF-886B-AF688694C411}.Debug|Any CPU.ActiveCfg = Debug|Any CPU
		{B8644742-957C-47EF-886B-AF688694C411}.Debug|Any CPU.Build.0 = Debug|Any CPU
		{B8644742-957C-47EF-886B-AF688694C411}.Release|Any CPU.ActiveCfg = Release|Any CPU
		{B8644742-957C-47EF-886B-AF688694C411}.Release|Any CPU.Build.0 = Release|Any CPU
		{A39DC857-C9F2-4819-8403-514BB388120F}.Debug|Any CPU.ActiveCfg = Debug|Any CPU
		{A39DC857-C9F2-4819-8403-514BB388120F}.Debug|Any CPU.Build.0 = Debug|Any CPU
		{A39DC857-C9F2-4819-8403-514BB388120F}.Release|Any CPU.ActiveCfg = Release|Any CPU
		{A39DC857-C9F2-4819-8403-514BB388120F}.Release|Any CPU.Build.0 = Release|Any CPU
		{AE110261-DAE7-419B-919E-09746261E2D3}.Debug|Any CPU.ActiveCfg = Debug|Any CPU
		{AE110261-DAE7-419B-919E-09746261E2D3}.Debug|Any CPU.Build.0 = Debug|Any CPU
		{AE110261-DAE7-419B-919E-09746261E2D3}.Release|Any CPU.ActiveCfg = Release|Any CPU
		{AE110261-DAE7-419B-919E-09746261E2D3}.Release|Any CPU.Build.0 = Release|Any CPU
		{160DF44A-1BFA-49CC-939F-79C74A6709ED}.Debug|Any CPU.ActiveCfg = Debug|Any CPU
		{160DF44A-1BFA-49CC-939F-79C74A6709ED}.Debug|Any CPU.Build.0 = Debug|Any CPU
		{160DF44A-1BFA-49CC-939F-79C74A6709ED}.Release|Any CPU.ActiveCfg = Release|Any CPU
		{160DF44A-1BFA-49CC-939F-79C74A6709ED}.Release|Any CPU.Build.0 = Release|Any CPU
	EndGlobalSection
	GlobalSection(SolutionProperties) = preSolution
		HideSolutionNode = FALSE
	EndGlobalSection
EndGlobal
